
Microsoft Visual Studio Solution File, Format Version 12.00
# Visual Studio Version 17
VisualStudioVersion = 17.11.35219.272
MinimumVisualStudioVersion = 10.0.40219.1
Project("{888888A0-9F3D-457C-B088-3A5042F75D52}") = "b", "b\b.pyproj", "{CF1F2FCE-EB08-4161-9B47-74955E59A77F}"
EndProject
Global
	GlobalSection(SolutionConfigurationPlatforms) = preSolution
		Debug|Any CPU = Debug|Any CPU
		Release|Any CPU = Release|Any CPU
	EndGlobalSection
	GlobalSection(ProjectConfigurationPlatforms) = postSolution
		{CF1F2FCE-EB08-4161-9B47-74955E59A77F}.Debug|Any CPU.ActiveCfg = Debug|Any CPU
		{CF1F2FCE-EB08-4161-9B47-74955E59A77F}.Release|Any CPU.ActiveCfg = Release|Any CPU
	EndGlobalSection
	GlobalSection(SolutionProperties) = preSolution
		HideSolutionNode = FALSE
	EndGlobalSection
	GlobalSection(ExtensibilityGlobals) = postSolution
		SolutionGuid = {EBC2A8E9-B535-4267-966E-48E28057EF21}
	EndGlobalSection
EndGlobal
